
Microsoft Visual Studio Solution File, Format Version 12.00
# Visual Studio Version 17
VisualStudioVersion = 17.3.32825.248
MinimumVisualStudioVersion = 10.0.40219.1
Project("{9A19103F-16F7-4668-BE54-9A1E7A4F7556}") = "z2", "z2\z2.csproj", "{5CC1062B-4133-4D13-B41F-5276A8638E44}"
EndProject
Project("{FAE04EC0-301F-11D3-BF4B-00C04F79EFBC}") = "z1", "z1\z1.csproj", "{E0E7BA94-8E13-4CB0-8E3E-FA6A03995157}"
EndProject
Project("{FAE04EC0-301F-11D3-BF4B-00C04F79EFBC}") = "z3", "z3\z3.csproj", "{EAB1129E-E5B0-4BEA-8495-C3330418DA1F}"
EndProject
Project("{FAE04EC0-301F-11D3-BF4B-00C04F79EFBC}") = "z4", "z4\z4.csproj", "{B5CAEF0F-1D8B-4DA0-9032-AC5EB88BD8E1}"
EndProject
Global
	GlobalSection(SolutionConfigurationPlatforms) = preSolution
		Debug|Any CPU = Debug|Any CPU
		Release|Any CPU = Release|Any CPU
	EndGlobalSection
	GlobalSection(ProjectConfigurationPlatforms) = postSolution
		{5CC1062B-4133-4D13-B41F-5276A8638E44}.Debug|Any CPU.ActiveCfg = Debug|Any CPU
		{5CC1062B-4133-4D13-B41F-5276A8638E44}.Debug|Any CPU.Build.0 = Debug|Any CPU
		{5CC1062B-4133-4D13-B41F-5276A8638E44}.Release|Any CPU.ActiveCfg = Release|Any CPU
		{5CC1062B-4133-4D13-B41F-5276A8638E44}.Release|Any CPU.Build.0 = Release|Any CPU
		{E0E7BA94-8E13-4CB0-8E3E-FA6A03995157}.Debug|Any CPU.ActiveCfg = Debug|Any CPU
		{E0E7BA94-8E13-4CB0-8E3E-FA6A03995157}.Debug|Any CPU.Build.0 = Debug|Any CPU
		{E0E7BA94-8E13-4CB0-8E3E-FA6A03995157}.Release|Any CPU.ActiveCfg = Release|Any CPU
		{E0E7BA94-8E13-4CB0-8E3E-FA6A03995157}.Release|Any CPU.Build.0 = Release|Any CPU
		{EAB1129E-E5B0-4BEA-8495-C3330418DA1F}.Debug|Any CPU.ActiveCfg = Debug|Any CPU
		{EAB1129E-E5B0-4BEA-8495-C3330418DA1F}.Debug|Any CPU.Build.0 = Debug|Any CPU
		{EAB1129E-E5B0-4BEA-8495-C3330418DA1F}.Release|Any CPU.ActiveCfg = Release|Any CPU
		{EAB1129E-E5B0-4BEA-8495-C3330418DA1F}.Release|Any CPU.Build.0 = Release|Any CPU
		{B5CAEF0F-1D8B-4DA0-9032-AC5EB88BD8E1}.Debug|Any CPU.ActiveCfg = Debug|Any CPU
		{B5CAEF0F-1D8B-4DA0-9032-AC5EB88BD8E1}.Debug|Any CPU.Build.0 = Debug|Any CPU
		{B5CAEF0F-1D8B-4DA0-9032-AC5EB88BD8E1}.Release|Any CPU.ActiveCfg = Release|Any CPU
		{B5CAEF0F-1D8B-4DA0-9032-AC5EB88BD8E1}.Release|Any CPU.Build.0 = Release|Any CPU
	EndGlobalSection
	GlobalSection(SolutionProperties) = preSolution
		HideSolutionNode = FALSE
	EndGlobalSection
	GlobalSection(ExtensibilityGlobals) = postSolution
		SolutionGuid = {19A2D4C2-7684-476E-877A-0CFC1B71D1EC}
	EndGlobalSection
EndGlobal
